
Microsoft Visual Studio Solution File, Format Version 12.00
# Visual Studio 2012
Project("{FAE04EC0-301F-11D3-BF4B-00C04F79EFBC}") = "Login_Form", "Login_Form\Login_Form.csproj", "{11EB2D17-E229-4036-B40D-049A4FED946B}"
EndProject
Global
	GlobalSection(SolutionConfigurationPlatforms) = preSolution
		Debug|Any CPU = Debug|Any CPU
		Release|Any CPU = Release|Any CPU
	EndGlobalSection
	GlobalSection(ProjectConfigurationPlatforms) = postSolution
		{11EB2D17-E229-4036-B40D-049A4FED946B}.Debug|Any CPU.ActiveCfg = Debug|Any CPU
		{11EB2D17-E229-4036-B40D-049A4FED946B}.Debug|Any CPU.Build.0 = Debug|Any CPU
		{11EB2D17-E229-4036-B40D-049A4FED946B}.Release|Any CPU.ActiveCfg = Release|Any CPU
		{11EB2D17-E229-4036-B40D-049A4FED946B}.Release|Any CPU.Build.0 = Release|Any CPU
	EndGlobalSection
	GlobalSection(SolutionProperties) = preSolution
		HideSolutionNode = FALSE
	EndGlobalSection
EndGlobal
